
Microsoft Visual Studio Solution File, Format Version 12.00
# Visual Studio 15
VisualStudioVersion = 15.0.28010.2050
MinimumVisualStudioVersion = 10.0.40219.1
Project("{FAE04EC0-301F-11D3-BF4B-00C04F79EFBC}") = "CodeTogetherNGE2E_Tests", "CodeTogetherNGE2E_Tests\CodeTogetherNGE2E_Tests.csproj", "{68A6BE45-9710-4E06-96EF-5F3290215EC5}"
EndProject
Global
	GlobalSection(SolutionConfigurationPlatforms) = preSolution
		Debug|Any CPU = Debug|Any CPU
		Release|Any CPU = Release|Any CPU
	EndGlobalSection
	GlobalSection(ProjectConfigurationPlatforms) = postSolution
		{68A6BE45-9710-4E06-96EF-5F3290215EC5}.Debug|Any CPU.ActiveCfg = Debug|Any CPU
		{68A6BE45-9710-4E06-96EF-5F3290215EC5}.Debug|Any CPU.Build.0 = Debug|Any CPU
		{68A6BE45-9710-4E06-96EF-5F3290215EC5}.Release|Any CPU.ActiveCfg = Release|Any CPU
		{68A6BE45-9710-4E06-96EF-5F3290215EC5}.Release|Any CPU.Build.0 = Release|Any CPU
	EndGlobalSection
	GlobalSection(SolutionProperties) = preSolution
		HideSolutionNode = FALSE
	EndGlobalSection
	GlobalSection(ExtensibilityGlobals) = postSolution
		SolutionGuid = {D78F6B32-53F1-4F2B-B953-B9D0CECC59AB}
	EndGlobalSection
EndGlobal
